{
  "name": "Proyecto_ConsejoEscuela",
  "lockfileVersion": 3,
  "requires": true,
  "packages": {
    "": {
      "name": "Proyecto_ConsejoEscuela",
      "dependencies": {
        "@fortawesome/fontawesome-free": "^7.0.0",
        "animate.css": "^4.1.1",
        "bootstrap": "^5.3.7",
        "jquery": "^3.7.1",
        "jquery.fancytree": "^2.38.5",
        "sweetalert2": "^11.22.3",
        "toastr": "^2.1.4"
      }
    },
    "node_modules/@fortawesome/fontawesome-free": {
      "version": "7.0.0",
      "resolved": "https://registry.npmjs.org/@fortawesome/fontawesome-free/-/fontawesome-free-7.0.0.tgz",
      "integrity": "sha512-X48nISrSOa89zu2VMljC4XaRf8NmgTwQBVHfS2Nu5G00ZwM31oOVrAtGxZF3b6wDYf9lJsf/Eq4cCSFKIkOWPQ==",
      "license": "(CC-BY-4.0 AND OFL-1.1 AND MIT)",
      "engines": {
        "node": ">=6"
      }
    },
    "node_modules/@popperjs/core": {
      "version": "2.11.8",
      "resolved": "https://registry.npmjs.org/@popperjs/core/-/core-2.11.8.tgz",
      "integrity": "sha512-P1st0aksCrn9sGZhp8GMYwBnQsbvAWsZAX44oXNNvLHGqAOcoVxmjZiohstwQ7SqKnbR47akdNi+uleWD8+g6A==",
      "license": "MIT",
      "peer": true,
      "funding": {
        "type": "opencollective",
        "url": "https://opencollective.com/popperjs"
      }
    },
    "node_modules/animate.css": {
      "version": "4.1.1",
      "resolved": "https://registry.npmjs.org/animate.css/-/animate.css-4.1.1.tgz",
      "integrity": "sha512-+mRmCTv6SbCmtYJCN4faJMNFVNN5EuCTTprDTAo7YzIGji2KADmakjVA3+8mVDkZ2Bf09vayB35lSQIex2+QaQ==",
      "license": "MIT"
    },
    "node_modules/bootstrap": {
      "version": "5.3.7",
      "resolved": "https://registry.npmjs.org/bootstrap/-/bootstrap-5.3.7.tgz",
      "integrity": "sha512-7KgiD8UHjfcPBHEpDNg+zGz8L3LqR3GVwqZiBRFX04a1BCArZOz1r2kjly2HQ0WokqTO0v1nF+QAt8dsW4lKlw==",
      "funding": [
        {
          "type": "github",
          "url": "https://github.com/sponsors/twbs"
        },
        {
          "type": "opencollective",
          "url": "https://opencollective.com/bootstrap"
        }
      ],
      "license": "MIT",
      "peerDependencies": {
        "@popperjs/core": "^2.11.8"
      }
    },
    "node_modules/jquery": {
      "version": "3.7.1",
      "resolved": "https://registry.npmjs.org/jquery/-/jquery-3.7.1.tgz",
      "integrity": "sha512-m4avr8yL8kmFN8psrbFFFmB/If14iN5o9nw/NgnnM+kybDJpRsAynV2BsfpTYrTRysYUdADVD7CkUUizgkpLfg==",
      "license": "MIT"
    },
    "node_modules/jquery.fancytree": {
      "version": "2.38.5",
      "resolved": "https://registry.npmjs.org/jquery.fancytree/-/jquery.fancytree-2.38.5.tgz",
      "integrity": "sha512-6ntTplhfYKWz74GLpeeE9B62VqhsF+bd80gLZRDD1gl7Vv9WTqqQrCsrGMMu0PB6JLhNOXhf17xIcYpARG+N3g==",
      "license": "MIT",
      "peerDependencies": {
        "jquery": ">=1.9"
      }
    },
    "node_modules/sweetalert2": {
      "version": "11.22.3",
      "resolved": "https://registry.npmjs.org/sweetalert2/-/sweetalert2-11.22.3.tgz",
      "integrity": "sha512-//WtZEvs9XRmyQVs77tz02ERu2JUTATQvrec+MjJYtKtnYSYDDgAmDdWzRWMkcxClj828EQgfHrpM+tI6qcMOg==",
      "license": "MIT",
      "funding": {
        "type": "individual",
        "url": "https://github.com/sponsors/limonte"
      }
    },
    "node_modules/toastr": {
      "version": "2.1.4",
      "resolved": "https://registry.npmjs.org/toastr/-/toastr-2.1.4.tgz",
      "integrity": "sha512-LIy77F5n+sz4tefMmFOntcJ6HL0Fv3k1TDnNmFZ0bU/GcvIIfy6eG2v7zQmMiYgaalAiUv75ttFrPn5s0gyqlA==",
      "dependencies": {
        "jquery": ">=1.12.0"
      }
    }
  }
}
